# This file was autogenerated by Stack.
# You should not edit this file by hand.
# For more information, please see the documentation at:
#   https://docs.haskellstack.org/en/stable/lock_files

packages:
- completed:
    hackage: crypton-0.33@sha256:5e92f29b9b7104d91fcdda1dec9400c9ad1f1791c231cc41ceebd783fb517dee,18202
    pantry-tree:
      sha256: 38809499d7f9775ef45cd29ab5c3dc9b283a813f34c1cdc56681b24f8cf8bb4f
      size: 23148
  original:
    hackage: crypton-0.33@sha256:5e92f29b9b7104d91fcdda1dec9400c9ad1f1791c231cc41ceebd783fb517dee,18202
- completed:
    name: amazonka
    pantry-tree:
      sha256: 1616064a7646fe7e0d02a2e5601eede29061ecdd76337e6a963f643bee8c2fc2
      size: 1527
    sha256: 463a1e8761975ce706e4c10378191c3cbb51da570d165e737925dd6a067ef2e7
    size: 34732514
    subdir: lib/amazonka
    url: https://github.com/brendanhay/amazonka/archive/31f3d044d84912b99e396a97085a9678e699d91f.tar.gz
    version: '2.0'
  original:
    subdir: lib/amazonka
    url: https://github.com/brendanhay/amazonka/archive/31f3d044d84912b99e396a97085a9678e699d91f.tar.gz
- completed:
    name: amazonka-core
    pantry-tree:
      sha256: b5839487ea79a417104fd976c288ae3fe40b35f4d9537083066c4516ba78f0bc
      size: 3222
    sha256: 463a1e8761975ce706e4c10378191c3cbb51da570d165e737925dd6a067ef2e7
    size: 34732514
    subdir: lib/amazonka-core
    url: https://github.com/brendanhay/amazonka/archive/31f3d044d84912b99e396a97085a9678e699d91f.tar.gz
    version: '2.0'
  original:
    subdir: lib/amazonka-core
    url: https://github.com/brendanhay/amazonka/archive/31f3d044d84912b99e396a97085a9678e699d91f.tar.gz
- completed:
    name: amazonka-sts
    pantry-tree:
      sha256: 1417330ada967fb52e040fbf768d71ca61a011f9903068541694a3e10b63e390
      size: 2880
    sha256: 463a1e8761975ce706e4c10378191c3cbb51da570d165e737925dd6a067ef2e7
    size: 34732514
    subdir: lib/services/amazonka-sts
    url: https://github.com/brendanhay/amazonka/archive/31f3d044d84912b99e396a97085a9678e699d91f.tar.gz
    version: '2.0'
  original:
    subdir: lib/services/amazonka-sts
    url: https://github.com/brendanhay/amazonka/archive/31f3d044d84912b99e396a97085a9678e699d91f.tar.gz
- completed:
    name: amazonka-kinesis
    pantry-tree:
      sha256: 75dc628a87aad181e1ce420d47dba3c3c02357fb04805e03e922a887a046c764
      size: 9733
    sha256: 463a1e8761975ce706e4c10378191c3cbb51da570d165e737925dd6a067ef2e7
    size: 34732514
    subdir: lib/services/amazonka-kinesis
    url: https://github.com/brendanhay/amazonka/archive/31f3d044d84912b99e396a97085a9678e699d91f.tar.gz
    version: '2.0'
  original:
    subdir: lib/services/amazonka-kinesis
    url: https://github.com/brendanhay/amazonka/archive/31f3d044d84912b99e396a97085a9678e699d91f.tar.gz
- completed:
    name: amazonka-s3
    pantry-tree:
      sha256: 2a8ae6c830a8bbbf76e79d5f85d4e315be16fc7507682f980e4db76de51a3757
      size: 38690
    sha256: 463a1e8761975ce706e4c10378191c3cbb51da570d165e737925dd6a067ef2e7
    size: 34732514
    subdir: lib/services/amazonka-s3
    url: https://github.com/brendanhay/amazonka/archive/31f3d044d84912b99e396a97085a9678e699d91f.tar.gz
    version: '2.0'
  original:
    subdir: lib/services/amazonka-s3
    url: https://github.com/brendanhay/amazonka/archive/31f3d044d84912b99e396a97085a9678e699d91f.tar.gz
snapshots:
- completed:
    sha256: 5a59b2a405b3aba3c00188453be172b85893cab8ebc352b1ef58b0eae5d248a2
    size: 650475
    url: https://raw.githubusercontent.com/commercialhaskell/stackage-snapshots/master/lts/20/26.yaml
  original: lts-20.26
