# This file was autogenerated by Stack.
# You should not edit this file by hand.
# For more information, please see the documentation at:
#   https://docs.haskellstack.org/en/stable/lock_files

packages:
- completed:
    name: amazonka
    pantry-tree:
      sha256: e331146cadd31d28d58d7adfd73aa32a665c39790abc57fd6253e17fa9a87542
      size: 1318
    sha256: 679fe14a2fac669eeeb56a5bcb688636cebde99b7974b12cad1832da0b3571ea
    size: 27715944
    subdir: lib/amazonka
    url: https://github.com/brendanhay/amazonka/archive/e4fdf4a33e357942a6bc5bb6bfc133f18b56fa0c.tar.gz
    version: '2.0'
  original:
    subdir: lib/amazonka
    url: https://github.com/brendanhay/amazonka/archive/e4fdf4a33e357942a6bc5bb6bfc133f18b56fa0c.tar.gz
- completed:
    name: amazonka-core
    pantry-tree:
      sha256: 3110e114014c4e3f2610c65bd9d8c8440bd78e3d6f8d07df8c6279c24d2c94ed
      size: 3117
    sha256: 679fe14a2fac669eeeb56a5bcb688636cebde99b7974b12cad1832da0b3571ea
    size: 27715944
    subdir: lib/amazonka-core
    url: https://github.com/brendanhay/amazonka/archive/e4fdf4a33e357942a6bc5bb6bfc133f18b56fa0c.tar.gz
    version: '2.0'
  original:
    subdir: lib/amazonka-core
    url: https://github.com/brendanhay/amazonka/archive/e4fdf4a33e357942a6bc5bb6bfc133f18b56fa0c.tar.gz
- completed:
    name: amazonka-sts
    pantry-tree:
      sha256: b3356be0b7999b0d4f0300b5f9bb61bb77090067e50140335210e817d30f9309
      size: 2932
    sha256: 679fe14a2fac669eeeb56a5bcb688636cebde99b7974b12cad1832da0b3571ea
    size: 27715944
    subdir: lib/services/amazonka-sts
    url: https://github.com/brendanhay/amazonka/archive/e4fdf4a33e357942a6bc5bb6bfc133f18b56fa0c.tar.gz
    version: '2.0'
  original:
    subdir: lib/services/amazonka-sts
    url: https://github.com/brendanhay/amazonka/archive/e4fdf4a33e357942a6bc5bb6bfc133f18b56fa0c.tar.gz
- completed:
    name: amazonka-kinesis
    pantry-tree:
      sha256: 562da1e73c6f965b47b4c9fe21337dba10fc96b85c05c1faaed36db08eb6cbf7
      size: 9301
    sha256: 679fe14a2fac669eeeb56a5bcb688636cebde99b7974b12cad1832da0b3571ea
    size: 27715944
    subdir: lib/services/amazonka-kinesis
    url: https://github.com/brendanhay/amazonka/archive/e4fdf4a33e357942a6bc5bb6bfc133f18b56fa0c.tar.gz
    version: '2.0'
  original:
    subdir: lib/services/amazonka-kinesis
    url: https://github.com/brendanhay/amazonka/archive/e4fdf4a33e357942a6bc5bb6bfc133f18b56fa0c.tar.gz
- completed:
    name: amazonka-s3
    pantry-tree:
      sha256: dae7759fe4c713a7932dcee0a993902fd9910c4a51e1655245a86892608af43e
      size: 37929
    sha256: 679fe14a2fac669eeeb56a5bcb688636cebde99b7974b12cad1832da0b3571ea
    size: 27715944
    subdir: lib/services/amazonka-s3
    url: https://github.com/brendanhay/amazonka/archive/e4fdf4a33e357942a6bc5bb6bfc133f18b56fa0c.tar.gz
    version: '2.0'
  original:
    subdir: lib/services/amazonka-s3
    url: https://github.com/brendanhay/amazonka/archive/e4fdf4a33e357942a6bc5bb6bfc133f18b56fa0c.tar.gz
snapshots:
- completed:
    sha256: deca5d235f498c2216605522633fbee795993dcca1d94c4c6db9023fe8a1775b
    size: 644486
    url: https://raw.githubusercontent.com/commercialhaskell/stackage-snapshots/master/nightly/2022/10/25.yaml
  original: nightly-2022-10-25
